
Microsoft Visual Studio Solution File, Format Version 12.00
# Visual Studio Version 17
VisualStudioVersion = 17.9.34607.119
MinimumVisualStudioVersion = 10.0.40219.1
Project("{FAE04EC0-301F-11D3-BF4B-00C04F79EFBC}") = "BenchMark", "BenchMark\BenchMark.csproj", "{1070B251-2096-4F02-88A9-0946E878DEBB}"
EndProject
Global
	GlobalSection(SolutionConfigurationPlatforms) = preSolution
		Debug|Any CPU = Debug|Any CPU
		Release|Any CPU = Release|Any CPU
	EndGlobalSection
	GlobalSection(ProjectConfigurationPlatforms) = postSolution
		{1070B251-2096-4F02-88A9-0946E878DEBB}.Debug|Any CPU.ActiveCfg = Debug|Any CPU
		{1070B251-2096-4F02-88A9-0946E878DEBB}.Debug|Any CPU.Build.0 = Debug|Any CPU
		{1070B251-2096-4F02-88A9-0946E878DEBB}.Release|Any CPU.ActiveCfg = Release|Any CPU
		{1070B251-2096-4F02-88A9-0946E878DEBB}.Release|Any CPU.Build.0 = Release|Any CPU
	EndGlobalSection
	GlobalSection(SolutionProperties) = preSolution
		HideSolutionNode = FALSE
	EndGlobalSection
	GlobalSection(ExtensibilityGlobals) = postSolution
		SolutionGuid = {5D0916F7-F873-45CF-AB3C-75D5E070D8CF}
	EndGlobalSection
EndGlobal
